// !$*UTF8*$!
{
	archiveVersion = 1;
	classes = {
	};
	objectVersion = 46;
	objects = {

/* Begin PBXBuildFile section */
		DDF4410216CD68E200729D20 /* UIKit.framework in Frameworks */ = {isa = PBXBuildFile; fileRef = DDF4410116CD68E200729D20 /* UIKit.framework */; };
		DDF4410416CD68E200729D20 /* Foundation.framework in Frameworks */ = {isa = PBXBuildFile; fileRef = DDF4410316CD68E200729D20 /* Foundation.framework */; };
		DDF4410616CD68E200729D20 /* CoreGraphics.framework in Frameworks */ = {isa = PBXBuildFile; fileRef = DDF4410516CD68E200729D20 /* CoreGraphics.framework */; };
		DDF4410C16CD68E200729D20 /* InfoPlist.strings in Resources */ = {isa = PBXBuildFile; fileRef = DDF4410A16CD68E200729D20 /* InfoPlist.strings */; };
		DDF4410E16CD68E200729D20 /* main.m in Sources */ = {isa = PBXBuildFile; fileRef = DDF4410D16CD68E200729D20 /* main.m */; };
		DDF4411216CD68E200729D20 /* AppDelegate.m in Sources */ = {isa = PBXBuildFile; fileRef = DDF4411116CD68E200729D20 /* AppDelegate.m */; };
		DDF4411416CD68E200729D20 /* Default.png in Resources */ = {isa = PBXBuildFile; fileRef = DDF4411316CD68E200729D20 /* Default.png */; };
		DDF4411616CD68E200729D20 /* Default@2x.png in Resources */ = {isa = PBXBuildFile; fileRef = DDF4411516CD68E200729D20 /* Default@2x.png */; };
		DDF4411816CD68E200729D20 /* Default-568h@2x.png in Resources */ = {isa = PBXBuildFile; fileRef = DDF4411716CD68E200729D20 /* Default-568h@2x.png */; };
		DDF4411B16CD68E200729D20 /* MainStoryboard.storyboard in Resources */ = {isa = PBXBuildFile; fileRef = DDF4411916CD68E200729D20 /* MainStoryboard.storyboard */; };
		DDF4411E16CD68E200729D20 /* ViewController.m in Sources */ = {isa = PBXBuildFile; fileRef = DDF4411D16CD68E200729D20 /* ViewController.m */; };
		DDF4412616CD68E200729D20 /* SenTestingKit.framework in Frameworks */ = {isa = PBXBuildFile; fileRef = DDF4412516CD68E200729D20 /* SenTestingKit.framework */; };
		DDF4412716CD68E200729D20 /* UIKit.framework in Frameworks */ = {isa = PBXBuildFile; fileRef = DDF4410116CD68E200729D20 /* UIKit.framework */; };
		DDF4412816CD68E200729D20 /* Foundation.framework in Frameworks */ = {isa = PBXBuildFile; fileRef = DDF4410316CD68E200729D20 /* Foundation.framework */; };
		DDF4413016CD68E200729D20 /* InfoPlist.strings in Resources */ = {isa = PBXBuildFile; fileRef = DDF4412E16CD68E200729D20 /* InfoPlist.strings */; };
		DDF4413316CD68E200729D20 /* ScoutingTests.m in Sources */ = {isa = PBXBuildFile; fileRef = DDF4413216CD68E200729D20 /* ScoutingTests.m */; };
/* End PBXBuildFile section */

/* Begin PBXContainerItemProxy section */
		DDF4412916CD68E200729D20 /* PBXContainerItemProxy */ = {
			isa = PBXContainerItemProxy;
			containerPortal = DDF440F616CD68E200729D20 /* Project object */;
			proxyType = 1;
			remoteGlobalIDString = DDF440FD16CD68E200729D20;
			remoteInfo = Scouting;
		};
/* End PBXContainerItemProxy section */

/* Begin PBXFileReference section */
		DDF440FE16CD68E200729D20 /* Scouting.app */ = {isa = PBXFileReference; explicitFileType = wrapper.application; includeInIndex = 0; path = Scouting.app; sourceTree = BUILT_PRODUCTS_DIR; };
		DDF4410116CD68E200729D20 /* UIKit.framework */ = {isa = PBXFileReference; lastKnownFileType = wrapper.framework; name = UIKit.framework; path = System/Library/Frameworks/UIKit.framework; sourceTree = SDKROOT; };
		DDF4410316CD68E200729D20 /* Foundation.framework */ = {isa = PBXFileReference; lastKnownFileType = wrapper.framework; name = Foundation.framework; path = System/Library/Frameworks/Foundation.framework; sourceTree = SDKROOT; };
		DDF4410516CD68E200729D20 /* CoreGraphics.framework */ = {isa = PBXFileReference; lastKnownFileType = wrapper.framework; name = CoreGraphics.framework; path = System/Library/Frameworks/CoreGraphics.framework; sourceTree = SDKROOT; };
		DDF4410916CD68E200729D20 /* Scouting-Info.plist */ = {isa = PBXFileReference; lastKnownFileType = text.plist.xml; path = "Scouting-Info.plist"; sourceTree = "<group>"; };
		DDF4410B16CD68E200729D20 /* en */ = {isa = PBXFileReference; lastKnownFileType = text.plist.strings; name = en; path = en.lproj/InfoPlist.strings; sourceTree = "<group>"; };
		DDF4410D16CD68E200729D20 /* main.m */ = {isa = PBXFileReference; lastKnownFileType = sourcecode.c.objc; path = main.m; sourceTree = "<group>"; };
		DDF4410F16CD68E200729D20 /* Scouting-Prefix.pch */ = {isa = PBXFileReference; lastKnownFileType = sourcecode.c.h; path = "Scouting-Prefix.pch"; sourceTree = "<group>"; };
		DDF4411016CD68E200729D20 /* AppDelegate.h */ = {isa = PBXFileReference; lastKnownFileType = sourcecode.c.h; path = AppDelegate.h; sourceTree = "<group>"; };
		DDF4411116CD68E200729D20 /* AppDelegate.m */ = {isa = PBXFileReference; lastKnownFileType = sourcecode.c.objc; path = AppDelegate.m; sourceTree = "<group>"; };
		DDF4411316CD68E200729D20 /* Default.png */ = {isa = PBXFileReference; lastKnownFileType = image.png; path = Default.png; sourceTree = "<group>"; };
		DDF4411516CD68E200729D20 /* Default@2x.png */ = {isa = PBXFileReference; lastKnownFileType = image.png; path = "Default@2x.png"; sourceTree = "<group>"; };
		DDF4411716CD68E200729D20 /* Default-568h@2x.png */ = {isa = PBXFileReference; lastKnownFileType = image.png; path = "Default-568h@2x.png"; sourceTree = "<group>"; };
		DDF4411A16CD68E200729D20 /* en */ = {isa = PBXFileReference; lastKnownFileType = file.storyboard; name = en; path = en.lproj/MainStoryboard.storyboard; sourceTree = "<group>"; };
		DDF4411C16CD68E200729D20 /* ViewController.h */ = {isa = PBXFileReference; lastKnownFileType = sourcecode.c.h; path = ViewController.h; sourceTree = "<group>"; };
		DDF4411D16CD68E200729D20 /* ViewController.m */ = {isa = PBXFileReference; lastKnownFileType = sourcecode.c.objc; path = ViewController.m; sourceTree = "<group>"; };
		DDF4412416CD68E200729D20 /* ScoutingTests.octest */ = {isa = PBXFileReference; explicitFileType = wrapper.cfbundle; includeInIndex = 0; path = ScoutingTests.octest; sourceTree = BUILT_PRODUCTS_DIR; };
		DDF4412516CD68E200729D20 /* SenTestingKit.framework */ = {isa = PBXFileReference; lastKnownFileType = wrapper.framework; name = SenTestingKit.framework; path = Library/Frameworks/SenTestingKit.framework; sourceTree = DEVELOPER_DIR; };
		DDF4412D16CD68E200729D20 /* ScoutingTests-Info.plist */ = {isa = PBXFileReference; lastKnownFileType = text.plist.xml; path = "ScoutingTests-Info.plist"; sourceTree = "<group>"; };
		DDF4412F16CD68E200729D20 /* en */ = {isa = PBXFileReference; lastKnownFileType = text.plist.strings; name = en; path = en.lproj/InfoPlist.strings; sourceTree = "<group>"; };
		DDF4413116CD68E200729D20 /* ScoutingTests.h */ = {isa = PBXFileReference; lastKnownFileType = sourcecode.c.h; path = ScoutingTests.h; sourceTree = "<group>"; };
		DDF4413216CD68E200729D20 /* ScoutingTests.m */ = {isa = PBXFileReference; lastKnownFileType = sourcecode.c.objc; path = ScoutingTests.m; sourceTree = "<group>"; };
/* End PBXFileReference section */

/* Begin PBXFrameworksBuildPhase section */
		DDF440FB16CD68E200729D20 /* Frameworks */ = {
			isa = PBXFrameworksBuildPhase;
			buildActionMask = 2147483647;
			files = (
				DDF4410216CD68E200729D20 /* UIKit.framework in Frameworks */,
				DDF4410416CD68E200729D20 /* Foundation.framework in Frameworks */,
				DDF4410616CD68E200729D20 /* CoreGraphics.framework in Frameworks */,
			);
			runOnlyForDeploymentPostprocessing = 0;
		};
		DDF4412016CD68E200729D20 /* Frameworks */ = {
			isa = PBXFrameworksBuildPhase;
			buildActionMask = 2147483647;
			files = (
				DDF4412616CD68E200729D20 /* SenTestingKit.framework in Frameworks */,
				DDF4412716CD68E200729D20 /* UIKit.framework in Frameworks */,
				DDF4412816CD68E200729D20 /* Foundation.framework in Frameworks */,
			);
			runOnlyForDeploymentPostprocessing = 0;
		};
/* End PBXFrameworksBuildPhase section */

/* Begin PBXGroup section */
		DDF440F516CD68E200729D20 = {
			isa = PBXGroup;
			children = (
				DDF4410716CD68E200729D20 /* Scouting */,
				DDF4412B16CD68E200729D20 /* ScoutingTests */,
				DDF4410016CD68E200729D20 /* Frameworks */,
				DDF440FF16CD68E200729D20 /* Products */,
			);
			sourceTree = "<group>";
		};
		DDF440FF16CD68E200729D20 /* Products */ = {
			isa = PBXGroup;
			children = (
				DDF440FE16CD68E200729D20 /* Scouting.app */,
				DDF4412416CD68E200729D20 /* ScoutingTests.octest */,
			);
			name = Products;
			sourceTree = "<group>";
		};
		DDF4410016CD68E200729D20 /* Frameworks */ = {
			isa = PBXGroup;
			children = (
				DDF4410116CD68E200729D20 /* UIKit.framework */,
				DDF4410316CD68E200729D20 /* Foundation.framework */,
				DDF4410516CD68E200729D20 /* CoreGraphics.framework */,
				DDF4412516CD68E200729D20 /* SenTestingKit.framework */,
			);
			name = Frameworks;
			sourceTree = "<group>";
		};
		DDF4410716CD68E200729D20 /* Scouting */ = {
			isa = PBXGroup;
			children = (
				DDF4411016CD68E200729D20 /* AppDelegate.h */,
				DDF4411116CD68E200729D20 /* AppDelegate.m */,
				DDF4411916CD68E200729D20 /* MainStoryboard.storyboard */,
				DDF4411C16CD68E200729D20 /* ViewController.h */,
				DDF4411D16CD68E200729D20 /* ViewController.m */,
				DDF4410816CD68E200729D20 /* Supporting Files */,
			);
			path = Scouting;
			sourceTree = "<group>";
		};
		DDF4410816CD68E200729D20 /* Supporting Files */ = {
			isa = PBXGroup;
			children = (
				DDF4410916CD68E200729D20 /* Scouting-Info.plist */,
				DDF4410A16CD68E200729D20 /* InfoPlist.strings */,
				DDF4410D16CD68E200729D20 /* main.m */,
				DDF4410F16CD68E200729D20 /* Scouting-Prefix.pch */,
				DDF4411316CD68E200729D20 /* Default.png */,
				DDF4411516CD68E200729D20 /* Default@2x.png */,
				DDF4411716CD68E200729D20 /* Default-568h@2x.png */,
			);
			name = "Supporting Files";
			sourceTree = "<group>";
		};
		DDF4412B16CD68E200729D20 /* ScoutingTests */ = {
			isa = PBXGroup;
			children = (
				DDF4413116CD68E200729D20 /* ScoutingTests.h */,
				DDF4413216CD68E200729D20 /* ScoutingTests.m */,
				DDF4412C16CD68E200729D20 /* Supporting Files */,
			);
			path = ScoutingTests;
			sourceTree = "<group>";
		};
		DDF4412C16CD68E200729D20 /* Supporting Files */ = {
			isa = PBXGroup;
			children = (
				DDF4412D16CD68E200729D20 /* ScoutingTests-Info.plist */,
				DDF4412E16CD68E200729D20 /* InfoPlist.strings */,
			);
			name = "Supporting Files";
			sourceTree = "<group>";
		};
/* End PBXGroup section */

/* Begin PBXNativeTarget section */
		DDF440FD16CD68E200729D20 /* Scouting */ = {
			isa = PBXNativeTarget;
			buildConfigurationList = DDF4413616CD68E200729D20 /* Build configuration list for PBXNativeTarget "Scouting" */;
			buildPhases = (
				DDF440FA16CD68E200729D20 /* Sources */,
				DDF440FB16CD68E200729D20 /* Frameworks */,
				DDF440FC16CD68E200729D20 /* Resources */,
			);
			buildRules = (
			);
			dependencies = (
			);
			name = Scouting;
			productName = Scouting;
			productReference = DDF440FE16CD68E200729D20 /* Scouting.app */;
			productType = "com.apple.product-type.application";
		};
		DDF4412316CD68E200729D20 /* ScoutingTests */ = {
			isa = PBXNativeTarget;
			buildConfigurationList = DDF4413916CD68E200729D20 /* Build configuration list for PBXNativeTarget "ScoutingTests" */;
			buildPhases = (
				DDF4411F16CD68E200729D20 /* Sources */,
				DDF4412016CD68E200729D20 /* Frameworks */,
				DDF4412116CD68E200729D20 /* Resources */,
				DDF4412216CD68E200729D20 /* ShellScript */,
			);
			buildRules = (
			);
			dependencies = (
				DDF4412A16CD68E200729D20 /* PBXTargetDependency */,
			);
			name = ScoutingTests;
			productName = ScoutingTests;
			productReference = DDF4412416CD68E200729D20 /* ScoutingTests.octest */;
			productType = "com.apple.product-type.bundle";
		};
/* End PBXNativeTarget section */

/* Begin PBXProject section */
		DDF440F616CD68E200729D20 /* Project object */ = {
			isa = PBXProject;
			attributes = {
				LastUpgradeCheck = 0460;
				ORGANIZATIONNAME = "Michael Wilke";
			};
			buildConfigurationList = DDF440F916CD68E200729D20 /* Build configuration list for PBXProject "Scouting" */;
			compatibilityVersion = "Xcode 3.2";
			developmentRegion = English;
			hasScannedForEncodings = 0;
			knownRegions = (
				en,
			);
			mainGroup = DDF440F516CD68E200729D20;
			productRefGroup = DDF440FF16CD68E200729D20 /* Products */;
			projectDirPath = "";
			projectRoot = "";
			targets = (
				DDF440FD16CD68E200729D20 /* Scouting */,
				DDF4412316CD68E200729D20 /* ScoutingTests */,
			);
		};
/* End PBXProject section */

/* Begin PBXResourcesBuildPhase section */
		DDF440FC16CD68E200729D20 /* Resources */ = {
			isa = PBXResourcesBuildPhase;
			buildActionMask = 2147483647;
			files = (
				DDF4410C16CD68E200729D20 /* InfoPlist.strings in Resources */,
				DDF4411416CD68E200729D20 /* Default.png in Resources */,
				DDF4411616CD68E200729D20 /* Default@2x.png in Resources */,
				DDF4411816CD68E200729D20 /* Default-568h@2x.png in Resources */,
				DDF4411B16CD68E200729D20 /* MainStoryboard.storyboard in Resources */,
			);
			runOnlyForDeploymentPostprocessing = 0;
		};
		DDF4412116CD68E200729D20 /* Resources */ = {
			isa = PBXResourcesBuildPhase;
			buildActionMask = 2147483647;
			files = (
				DDF4413016CD68E200729D20 /* InfoPlist.strings in Resources */,
			);
			runOnlyForDeploymentPostprocessing = 0;
		};
/* End PBXResourcesBuildPhase section */

/* Begin PBXShellScriptBuildPhase section */
		DDF4412216CD68E200729D20 /* ShellScript */ = {
			isa = PBXShellScriptBuildPhase;
			buildActionMask = 2147483647;
			files = (
			);
			inputPaths = (
			);
			outputPaths = (
			);
			runOnlyForDeploymentPostprocessing = 0;
			shellPath = /bin/sh;
			shellScript = "# Run the unit tests in this test bundle.\n\"${SYSTEM_DEVELOPER_DIR}/Tools/RunUnitTests\"\n";
		};
/* End PBXShellScriptBuildPhase section */

/* Begin PBXSourcesBuildPhase section */
		DDF440FA16CD68E200729D20 /* Sources */ = {
			isa = PBXSourcesBuildPhase;
			buildActionMask = 2147483647;
			files = (
				DDF4410E16CD68E200729D20 /* main.m in Sources */,
				DDF4411216CD68E200729D20 /* AppDelegate.m in Sources */,
				DDF4411E16CD68E200729D20 /* ViewController.m in Sources */,
			);
			runOnlyForDeploymentPostprocessing = 0;
		};
		DDF4411F16CD68E200729D20 /* Sources */ = {
			isa = PBXSourcesBuildPhase;
			buildActionMask = 2147483647;
			files = (
				DDF4413316CD68E200729D20 /* ScoutingTests.m in Sources */,
			);
			runOnlyForDeploymentPostprocessing = 0;
		};
/* End PBXSourcesBuildPhase section */

/* Begin PBXTargetDependency section */
		DDF4412A16CD68E200729D20 /* PBXTargetDependency */ = {
			isa = PBXTargetDependency;
			target = DDF440FD16CD68E200729D20 /* Scouting */;
			targetProxy = DDF4412916CD68E200729D20 /* PBXContainerItemProxy */;
		};
/* End PBXTargetDependency section */

/* Begin PBXVariantGroup section */
		DDF4410A16CD68E200729D20 /* InfoPlist.strings */ = {
			isa = PBXVariantGroup;
			children = (
				DDF4410B16CD68E200729D20 /* en */,
			);
			name = InfoPlist.strings;
			sourceTree = "<group>";
		};
		DDF4411916CD68E200729D20 /* MainStoryboard.storyboard */ = {
			isa = PBXVariantGroup;
			children = (
				DDF4411A16CD68E200729D20 /* en */,
			);
			name = MainStoryboard.storyboard;
			sourceTree = "<group>";
		};
		DDF4412E16CD68E200729D20 /* InfoPlist.strings */ = {
			isa = PBXVariantGroup;
			children = (
				DDF4412F16CD68E200729D20 /* en */,
			);
			name = InfoPlist.strings;
			sourceTree = "<group>";
		};
/* End PBXVariantGroup section */

/* Begin XCBuildConfiguration section */
		DDF4413416CD68E200729D20 /* Debug */ = {
			isa = XCBuildConfiguration;
			buildSettings = {
				ALWAYS_SEARCH_USER_PATHS = NO;
				CLANG_CXX_LANGUAGE_STANDARD = "gnu++0x";
				CLANG_CXX_LIBRARY = "libc++";
				CLANG_ENABLE_OBJC_ARC = YES;
				CLANG_WARN_CONSTANT_CONVERSION = YES;
				CLANG_WARN_EMPTY_BODY = YES;
				CLANG_WARN_ENUM_CONVERSION = YES;
				CLANG_WARN_INT_CONVERSION = YES;
				CLANG_WARN__DUPLICATE_METHOD_MATCH = YES;
				"CODE_SIGN_IDENTITY[sdk=iphoneos*]" = "iPhone Developer";
				COPY_PHASE_STRIP = NO;
				GCC_C_LANGUAGE_STANDARD = gnu99;
				GCC_DYNAMIC_NO_PIC = NO;
				GCC_OPTIMIZATION_LEVEL = 0;
				GCC_PREPROCESSOR_DEFINITIONS = (
					"DEBUG=1",
					"$(inherited)",
				);
				GCC_SYMBOLS_PRIVATE_EXTERN = NO;
				GCC_WARN_ABOUT_RETURN_TYPE = YES;
				GCC_WARN_UNINITIALIZED_AUTOS = YES;
				GCC_WARN_UNUSED_VARIABLE = YES;
				IPHONEOS_DEPLOYMENT_TARGET = 6.1;
				ONLY_ACTIVE_ARCH = YES;
				SDKROOT = iphoneos;
				TARGETED_DEVICE_FAMILY = 2;
			};
			name = Debug;
		};
		DDF4413516CD68E200729D20 /* Release */ = {
			isa = XCBuildConfiguration;
			buildSettings = {
				ALWAYS_SEARCH_USER_PATHS = NO;
				CLANG_CXX_LANGUAGE_STANDARD = "gnu++0x";
				CLANG_CXX_LIBRARY = "libc++";
				CLANG_ENABLE_OBJC_ARC = YES;
				CLANG_WARN_CONSTANT_CONVERSION = YES;
				CLANG_WARN_EMPTY_BODY = YES;
				CLANG_WARN_ENUM_CONVERSION = YES;
				CLANG_WARN_INT_CONVERSION = YES;
				CLANG_WARN__DUPLICATE_METHOD_MATCH = YES;
				"CODE_SIGN_IDENTITY[sdk=iphoneos*]" = "iPhone Developer";
				COPY_PHASE_STRIP = YES;
				GCC_C_LANGUAGE_STANDARD = gnu99;
				GCC_WARN_ABOUT_RETURN_TYPE = YES;
				GCC_WARN_UNINITIALIZED_AUTOS = YES;
				GCC_WARN_UNUSED_VARIABLE = YES;
				IPHONEOS_DEPLOYMENT_TARGET = 6.1;
				OTHER_CFLAGS = "-DNS_BLOCK_ASSERTIONS=1";
				SDKROOT = iphoneos;
				TARGETED_DEVICE_FAMILY = 2;
				VALIDATE_PRODUCT = YES;
			};
			name = Release;
		};
		DDF4413716CD68E200729D20 /* Debug */ = {
			isa = XCBuildConfiguration;
			buildSettings = {
				GCC_PRECOMPILE_PREFIX_HEADER = YES;
				GCC_PREFIX_HEADER = "Scouting/Scouting-Prefix.pch";
				INFOPLIST_FILE = "Scouting/Scouting-Info.plist";
				PRODUCT_NAME = "$(TARGET_NAME)";
				WRAPPER_EXTENSION = app;
			};
			name = Debug;
		};
		DDF4413816CD68E200729D20 /* Release */ = {
			isa = XCBuildConfiguration;
			buildSettings = {
				GCC_PRECOMPILE_PREFIX_HEADER = YES;
				GCC_PREFIX_HEADER = "Scouting/Scouting-Prefix.pch";
				INFOPLIST_FILE = "Scouting/Scouting-Info.plist";
				PRODUCT_NAME = "$(TARGET_NAME)";
				WRAPPER_EXTENSION = app;
			};
			name = Release;
		};
		DDF4413A16CD68E200729D20 /* Debug */ = {
			isa = XCBuildConfiguration;
			buildSettings = {
				BUNDLE_LOADER = "$(BUILT_PRODUCTS_DIR)/Scouting.app/Scouting";
				FRAMEWORK_SEARCH_PATHS = (
					"\"$(SDKROOT)/Developer/Library/Frameworks\"",
					"\"$(DEVELOPER_LIBRARY_DIR)/Frameworks\"",
				);
				GCC_PRECOMPILE_PREFIX_HEADER = YES;
				GCC_PREFIX_HEADER = "Scouting/Scouting-Prefix.pch";
				INFOPLIST_FILE = "ScoutingTests/ScoutingTests-Info.plist";
				PRODUCT_NAME = "$(TARGET_NAME)";
				TEST_HOST = "$(BUNDLE_LOADER)";
				WRAPPER_EXTENSION = octest;
			};
			name = Debug;
		};
		DDF4413B16CD68E200729D20 /* Release */ = {
			isa = XCBuildConfiguration;
			buildSettings = {
				BUNDLE_LOADER = "$(BUILT_PRODUCTS_DIR)/Scouting.app/Scouting";
				FRAMEWORK_SEARCH_PATHS = (
					"\"$(SDKROOT)/Developer/Library/Frameworks\"",
					"\"$(DEVELOPER_LIBRARY_DIR)/Frameworks\"",
				);
				GCC_PRECOMPILE_PREFIX_HEADER = YES;
				GCC_PREFIX_HEADER = "Scouting/Scouting-Prefix.pch";
				INFOPLIST_FILE = "ScoutingTests/ScoutingTests-Info.plist";
				PRODUCT_NAME = "$(TARGET_NAME)";
				TEST_HOST = "$(BUNDLE_LOADER)";
				WRAPPER_EXTENSION = octest;
			};
			name = Release;
		};
/* End XCBuildConfiguration section */

/* Begin XCConfigurationList section */
		DDF440F916CD68E200729D20 /* Build configuration list for PBXProject "Scouting" */ = {
			isa = XCConfigurationList;
			buildConfigurations = (
				DDF4413416CD68E200729D20 /* Debug */,
				DDF4413516CD68E200729D20 /* Release */,
			);
			defaultConfigurationIsVisible = 0;
			defaultConfigurationName = Release;
		};
		DDF4413616CD68E200729D20 /* Build configuration list for PBXNativeTarget "Scouting" */ = {
			isa = XCConfigurationList;
			buildConfigurations = (
				DDF4413716CD68E200729D20 /* Debug */,
				DDF4413816CD68E200729D20 /* Release */,
			);
			defaultConfigurationIsVisible = 0;
		};
		DDF4413916CD68E200729D20 /* Build configuration list for PBXNativeTarget "ScoutingTests" */ = {
			isa = XCConfigurationList;
			buildConfigurations = (
				DDF4413A16CD68E200729D20 /* Debug */,
				DDF4413B16CD68E200729D20 /* Release */,
			);
			defaultConfigurationIsVisible = 0;
		};
/* End XCConfigurationList section */
	};
	rootObject = DDF440F616CD68E200729D20 /* Project object */;
}
